
Microsoft Visual Studio Solution File, Format Version 12.00
# Visual Studio Version 17
VisualStudioVersion = 17.6.33815.320
MinimumVisualStudioVersion = 10.0.40219.1
Project("{FAE04EC0-301F-11D3-BF4B-00C04F79EFBC}") = "DesignPatterns.SingletonPattern", "DesignPatterns.SingletonPattern\DesignPatterns.SingletonPattern.csproj", "{C5E92EA6-132C-47FF-B08F-2DA0039DA448}"
EndProject
Project("{FAE04EC0-301F-11D3-BF4B-00C04F79EFBC}") = "DesignPatterns.BuilderPattern", "DesignPatterns.BuilderPattern\DesignPatterns.BuilderPattern.csproj", "{4E1C334C-7252-4BDD-A5FC-BFF5C47B21BD}"
EndProject
Global
	GlobalSection(SolutionConfigurationPlatforms) = preSolution
		Debug|Any CPU = Debug|Any CPU
		Release|Any CPU = Release|Any CPU
	EndGlobalSection
	GlobalSection(ProjectConfigurationPlatforms) = postSolution
		{C5E92EA6-132C-47FF-B08F-2DA0039DA448}.Debug|Any CPU.ActiveCfg = Debug|Any CPU
		{C5E92EA6-132C-47FF-B08F-2DA0039DA448}.Debug|Any CPU.Build.0 = Debug|Any CPU
		{C5E92EA6-132C-47FF-B08F-2DA0039DA448}.Release|Any CPU.ActiveCfg = Release|Any CPU
		{C5E92EA6-132C-47FF-B08F-2DA0039DA448}.Release|Any CPU.Build.0 = Release|Any CPU
		{4E1C334C-7252-4BDD-A5FC-BFF5C47B21BD}.Debug|Any CPU.ActiveCfg = Debug|Any CPU
		{4E1C334C-7252-4BDD-A5FC-BFF5C47B21BD}.Debug|Any CPU.Build.0 = Debug|Any CPU
		{4E1C334C-7252-4BDD-A5FC-BFF5C47B21BD}.Release|Any CPU.ActiveCfg = Release|Any CPU
		{4E1C334C-7252-4BDD-A5FC-BFF5C47B21BD}.Release|Any CPU.Build.0 = Release|Any CPU
	EndGlobalSection
	GlobalSection(SolutionProperties) = preSolution
		HideSolutionNode = FALSE
	EndGlobalSection
	GlobalSection(ExtensibilityGlobals) = postSolution
		SolutionGuid = {1211D70C-61B5-4D82-A21B-E9B09D8BC06D}
	EndGlobalSection
EndGlobal
